
Microsoft Visual Studio Solution File, Format Version 12.00
# Visual Studio Version 17
VisualStudioVersion = 17.0.32126.317
MinimumVisualStudioVersion = 10.0.40219.1
Project("{FAE04EC0-301F-11D3-BF4B-00C04F79EFBC}") = "MovieHouse", "MovieHouse\MovieHouse.csproj", "{403C5880-762B-4CFF-BEF9-23D865B6DC90}"
EndProject
Project("{FAE04EC0-301F-11D3-BF4B-00C04F79EFBC}") = "MovieHouse.Core", "MovieHouse.Core\MovieHouse.Core.csproj", "{A11B2412-D4EC-478A-84A2-B25CA5636BED}"
EndProject
Project("{FAE04EC0-301F-11D3-BF4B-00C04F79EFBC}") = "MovieHouse.Infrastructure", "MovieHouse.Infrastructure\MovieHouse.Infrastructure.csproj", "{176AB0F5-E3BB-4222-9AD9-E6FB9F18633E}"
EndProject
Global
	GlobalSection(SolutionConfigurationPlatforms) = preSolution
		Debug|Any CPU = Debug|Any CPU
		Release|Any CPU = Release|Any CPU
	EndGlobalSection
	GlobalSection(ProjectConfigurationPlatforms) = postSolution
		{403C5880-762B-4CFF-BEF9-23D865B6DC90}.Debug|Any CPU.ActiveCfg = Debug|Any CPU
		{403C5880-762B-4CFF-BEF9-23D865B6DC90}.Debug|Any CPU.Build.0 = Debug|Any CPU
		{403C5880-762B-4CFF-BEF9-23D865B6DC90}.Release|Any CPU.ActiveCfg = Release|Any CPU
		{403C5880-762B-4CFF-BEF9-23D865B6DC90}.Release|Any CPU.Build.0 = Release|Any CPU
		{A11B2412-D4EC-478A-84A2-B25CA5636BED}.Debug|Any CPU.ActiveCfg = Debug|Any CPU
		{A11B2412-D4EC-478A-84A2-B25CA5636BED}.Debug|Any CPU.Build.0 = Debug|Any CPU
		{A11B2412-D4EC-478A-84A2-B25CA5636BED}.Release|Any CPU.ActiveCfg = Release|Any CPU
		{A11B2412-D4EC-478A-84A2-B25CA5636BED}.Release|Any CPU.Build.0 = Release|Any CPU
		{176AB0F5-E3BB-4222-9AD9-E6FB9F18633E}.Debug|Any CPU.ActiveCfg = Debug|Any CPU
		{176AB0F5-E3BB-4222-9AD9-E6FB9F18633E}.Debug|Any CPU.Build.0 = Debug|Any CPU
		{176AB0F5-E3BB-4222-9AD9-E6FB9F18633E}.Release|Any CPU.ActiveCfg = Release|Any CPU
		{176AB0F5-E3BB-4222-9AD9-E6FB9F18633E}.Release|Any CPU.Build.0 = Release|Any CPU
	EndGlobalSection
	GlobalSection(SolutionProperties) = preSolution
		HideSolutionNode = FALSE
	EndGlobalSection
	GlobalSection(ExtensibilityGlobals) = postSolution
		SolutionGuid = {4281010F-47AF-4AFE-8FA1-BB74E7C3C69D}
	EndGlobalSection
EndGlobal
